// !$*UTF8*$!
{
	archiveVersion = 1;
	classes = {
	};
	objectVersion = 56;
	objects = {

/* Begin PBXBuildFile section */
		880250C22A9B9D630076E001 /* Hearts.arcdraw in Resources */ = {isa = PBXBuildFile; fileRef = 885A8AD42A9B74590028E8BF /* Hearts.arcdraw */; };
		880250C32A9B9D630076E001 /* Moons.arcdraw in Resources */ = {isa = PBXBuildFile; fileRef = 885A8AD62A9B74640028E8BF /* Moons.arcdraw */; };
		880250C42A9B9D630076E001 /* Petals.arcdraw in Resources */ = {isa = PBXBuildFile; fileRef = 885A8AD82A9B74730028E8BF /* Petals.arcdraw */; };
		880250C52A9B9D630076E001 /* Shapes.arcdraw in Resources */ = {isa = PBXBuildFile; fileRef = 885A8ADA2A9B747E0028E8BF /* Shapes.arcdraw */; };
		880250C62A9B9D630076E001 /* Spirals.arcdraw in Resources */ = {isa = PBXBuildFile; fileRef = 885A8ADC2A9B74910028E8BF /* Spirals.arcdraw */; };
		880250C72A9B9D630076E001 /* YinYang.arcdraw in Resources */ = {isa = PBXBuildFile; fileRef = 885A8ADE2A9B74AC0028E8BF /* YinYang.arcdraw */; };
		880250C92A9BB2120076E001 /* CurveDefinition.swift in Sources */ = {isa = PBXBuildFile; fileRef = 880250C82A9BB2120076E001 /* CurveDefinition.swift */; };
		880250CB2A9BC5AC0076E001 /* ADFormatters.swift in Sources */ = {isa = PBXBuildFile; fileRef = 880250CA2A9BC5AC0076E001 /* ADFormatters.swift */; };
		880250CD2A9BC62F0076E001 /* CommaNumberFormatter.swift in Sources */ = {isa = PBXBuildFile; fileRef = 880250CC2A9BC62F0076E001 /* CommaNumberFormatter.swift */; };
		880250D02A9BC6D10076E001 /* DelayedTextFieldInt.swift in Sources */ = {isa = PBXBuildFile; fileRef = 880250CE2A9BC6D10076E001 /* DelayedTextFieldInt.swift */; };
		880250D12A9BC6D10076E001 /* DelayedTextFieldDouble.swift in Sources */ = {isa = PBXBuildFile; fileRef = 880250CF2A9BC6D10076E001 /* DelayedTextFieldDouble.swift */; };
		880250D32A9BC7B20076E001 /* CurveListView.swift in Sources */ = {isa = PBXBuildFile; fileRef = 880250D22A9BC7B20076E001 /* CurveListView.swift */; };
		880250D52A9BCFEA0076E001 /* TabbedView.swift in Sources */ = {isa = PBXBuildFile; fileRef = 880250D42A9BCFEA0076E001 /* TabbedView.swift */; };
		880250D92A9BD0BE0076E001 /* TabCurves.swift in Sources */ = {isa = PBXBuildFile; fileRef = 880250D82A9BD0BE0076E001 /* TabCurves.swift */; };
		880250DB2A9BD0CB0076E001 /* TabSave.swift in Sources */ = {isa = PBXBuildFile; fileRef = 880250DA2A9BD0CB0076E001 /* TabSave.swift */; };
		880250E32A9E5BC80076E001 /* CurveView.swift in Sources */ = {isa = PBXBuildFile; fileRef = 880250E22A9E5BC80076E001 /* CurveView.swift */; };
		880250E52A9E617A0076E001 /* DotDefinition.swift in Sources */ = {isa = PBXBuildFile; fileRef = 880250E42A9E617A0076E001 /* DotDefinition.swift */; };
		880250E72A9E69380076E001 /* DotListView.swift in Sources */ = {isa = PBXBuildFile; fileRef = 880250E62A9E69380076E001 /* DotListView.swift */; };
		880250E92A9E8ED10076E001 /* KeyboardUtilities.swift in Sources */ = {isa = PBXBuildFile; fileRef = 880250E82A9E8ED10076E001 /* KeyboardUtilities.swift */; };
		880250F12AA8F4D60076E001 /* ArcDrawDocument+Curve.swift in Sources */ = {isa = PBXBuildFile; fileRef = 880250F02AA8F4D60076E001 /* ArcDrawDocument+Curve.swift */; };
		880250F32AA8F5050076E001 /* ArcDrawDocument+File.swift in Sources */ = {isa = PBXBuildFile; fileRef = 880250F22AA8F5050076E001 /* ArcDrawDocument+File.swift */; };
		880250F52AA8F8B00076E001 /* ArcDrawDocument+CurveUndo.swift in Sources */ = {isa = PBXBuildFile; fileRef = 880250F42AA8F8B00076E001 /* ArcDrawDocument+CurveUndo.swift */; };
		880250F72AA8FEF20076E001 /* CGImage+PNGdata.swift in Sources */ = {isa = PBXBuildFile; fileRef = 880250F62AA8FEF20076E001 /* CGImage+PNGdata.swift */; };
		880250F92AA8FFBC0076E001 /* String+Index.swift in Sources */ = {isa = PBXBuildFile; fileRef = 880250F82AA8FFBC0076E001 /* String+Index.swift */; };
		880250FB2AA900300076E001 /* UTType+arcdraw.swift in Sources */ = {isa = PBXBuildFile; fileRef = 880250FA2AA900300076E001 /* UTType+arcdraw.swift */; };
		880250FD2AA985090076E001 /* ArcViewDocument+Dot.swift in Sources */ = {isa = PBXBuildFile; fileRef = 880250FC2AA985090076E001 /* ArcViewDocument+Dot.swift */; };
		880251042AAC134A0076E001 /* ConfiguredContentView.swift in Sources */ = {isa = PBXBuildFile; fileRef = 880251032AAC134A0076E001 /* ConfiguredContentView.swift */; };
		880251062AAC18EB0076E001 /* AppConstants.swift in Sources */ = {isa = PBXBuildFile; fileRef = 880251052AAC18EB0076E001 /* AppConstants.swift */; };
		880251092AAC2DEE0076E001 /* OneDocManager.swift in Sources */ = {isa = PBXBuildFile; fileRef = 880251082AAC2DEE0076E001 /* OneDocManager.swift */; };
		885A8A4B2A9A8D790028E8BF /* README.md in Resources */ = {isa = PBXBuildFile; fileRef = 885A8A452A9A8D790028E8BF /* README.md */; };
		885A8A4C2A9A8D790028E8BF /* DEV_NOTES.md in Resources */ = {isa = PBXBuildFile; fileRef = 885A8A462A9A8D790028E8BF /* DEV_NOTES.md */; };
		885A8A4D2A9A8D790028E8BF /* Assets.xcassets in Resources */ = {isa = PBXBuildFile; fileRef = 885A8A472A9A8D790028E8BF /* Assets.xcassets */; };
		885A8A4E2A9A8D790028E8BF /* ArcDrawApp.swift in Sources */ = {isa = PBXBuildFile; fileRef = 885A8A492A9A8D790028E8BF /* ArcDrawApp.swift */; };
		885A8A4F2A9A8D790028E8BF /* ContentView.swift in Sources */ = {isa = PBXBuildFile; fileRef = 885A8A4A2A9A8D790028E8BF /* ContentView.swift */; };
		885A8A592A9A8F9C0028E8BF /* WelcomeHeaderView.swift in Sources */ = {isa = PBXBuildFile; fileRef = 885A8A532A9A8F9B0028E8BF /* WelcomeHeaderView.swift */; };
		885A8A5A2A9A8F9C0028E8BF /* WelcomeMainView.swift in Sources */ = {isa = PBXBuildFile; fileRef = 885A8A542A9A8F9B0028E8BF /* WelcomeMainView.swift */; };
		885A8A5B2A9A8F9C0028E8BF /* WelcomeView.swift in Sources */ = {isa = PBXBuildFile; fileRef = 885A8A552A9A8F9B0028E8BF /* WelcomeView.swift */; };
		885A8A5C2A9A8F9C0028E8BF /* WelcomeMainImageView.swift in Sources */ = {isa = PBXBuildFile; fileRef = 885A8A562A9A8F9B0028E8BF /* WelcomeMainImageView.swift */; };
		885A8A5E2A9A8F9C0028E8BF /* WelcomeMainInformationView.swift in Sources */ = {isa = PBXBuildFile; fileRef = 885A8A582A9A8F9C0028E8BF /* WelcomeMainInformationView.swift */; };
		885A8A602A9A8FE80028E8BF /* ArcDrawApp+Menu.swift in Sources */ = {isa = PBXBuildFile; fileRef = 885A8A5F2A9A8FE80028E8BF /* ArcDrawApp+Menu.swift */; };
		885A8A622A9A91CB0028E8BF /* WelcomeWindowController.swift in Sources */ = {isa = PBXBuildFile; fileRef = 885A8A612A9A91CB0028E8BF /* WelcomeWindowController.swift */; };
		885A8A652A9A927C0028E8BF /* PictureDefinition.swift in Sources */ = {isa = PBXBuildFile; fileRef = 885A8A632A9A927C0028E8BF /* PictureDefinition.swift */; };
		885A8A662A9A927C0028E8BF /* ArcDrawDocument.swift in Sources */ = {isa = PBXBuildFile; fileRef = 885A8A642A9A927C0028E8BF /* ArcDrawDocument.swift */; };
		885A8A6A2A9AAFC90028E8BF /* PanelDisplay.swift in Sources */ = {isa = PBXBuildFile; fileRef = 885A8A692A9AAFC90028E8BF /* PanelDisplay.swift */; };
		885A8A6C2A9AAFE60028E8BF /* PanelUI.swift in Sources */ = {isa = PBXBuildFile; fileRef = 885A8A6B2A9AAFE60028E8BF /* PanelUI.swift */; };
		885A8A6F2A9AB1950028E8BF /* ImageViewModel.swift in Sources */ = {isa = PBXBuildFile; fileRef = 885A8A6E2A9AB1950028E8BF /* ImageViewModel.swift */; };
		885A8A732A9AB2C70028E8BF /* BitmapGrid.swift in Sources */ = {isa = PBXBuildFile; fileRef = 885A8A712A9AB2C70028E8BF /* BitmapGrid.swift */; };
		885A8A742A9AB2C70028E8BF /* BitmapImage.swift in Sources */ = {isa = PBXBuildFile; fileRef = 885A8A722A9AB2C70028E8BF /* BitmapImage.swift */; };
		885A8A762A9AB66C0028E8BF /* DrawingController.swift in Sources */ = {isa = PBXBuildFile; fileRef = 885A8A752A9AB66C0028E8BF /* DrawingController.swift */; };
		885A8A782A9AB6940028E8BF /* DrawingView.swift in Sources */ = {isa = PBXBuildFile; fileRef = 885A8A772A9AB6940028E8BF /* DrawingView.swift */; };
		885A8A7A2A9AB7FD0028E8BF /* Line.swift in Sources */ = {isa = PBXBuildFile; fileRef = 885A8A792A9AB7FD0028E8BF /* Line.swift */; };
		885A8A7D2A9B56EB0028E8BF /* YinYang.swift in Sources */ = {isa = PBXBuildFile; fileRef = 885A8A7C2A9B56EB0028E8BF /* YinYang.swift */; };
		885A8A7F2A9B57950028E8BF /* RoundToInt.swift in Sources */ = {isa = PBXBuildFile; fileRef = 885A8A7E2A9B57950028E8BF /* RoundToInt.swift */; };
		885A8A812A9B58520028E8BF /* UndoLastAndFindHiddenDot.swift in Sources */ = {isa = PBXBuildFile; fileRef = 885A8A802A9B58520028E8BF /* UndoLastAndFindHiddenDot.swift */; };
		885A8A832A9B58BA0028E8BF /* UndoLast.swift in Sources */ = {isa = PBXBuildFile; fileRef = 885A8A822A9B58BA0028E8BF /* UndoLast.swift */; };
		885A8A852A9B58FB0028E8BF /* Spirals.swift in Sources */ = {isa = PBXBuildFile; fileRef = 885A8A842A9B58FB0028E8BF /* Spirals.swift */; };
		885A8A872A9B59270028E8BF /* Shapes.swift in Sources */ = {isa = PBXBuildFile; fileRef = 885A8A862A9B59270028E8BF /* Shapes.swift */; };
		885A8A892A9B59500028E8BF /* Redraw.swift in Sources */ = {isa = PBXBuildFile; fileRef = 885A8A882A9B59500028E8BF /* Redraw.swift */; };
		885A8A8B2A9B59790028E8BF /* Petals.swift in Sources */ = {isa = PBXBuildFile; fileRef = 885A8A8A2A9B59790028E8BF /* Petals.swift */; };
		885A8A8D2A9B599D0028E8BF /* NewSketchCurve.swift in Sources */ = {isa = PBXBuildFile; fileRef = 885A8A8C2A9B599D0028E8BF /* NewSketchCurve.swift */; };
		885A8A8F2A9B59BA0028E8BF /* NewCurve.swift in Sources */ = {isa = PBXBuildFile; fileRef = 885A8A8E2A9B59BA0028E8BF /* NewCurve.swift */; };
		885A8A912A9B59DE0028E8BF /* Moons.swift in Sources */ = {isa = PBXBuildFile; fileRef = 885A8A902A9B59DE0028E8BF /* Moons.swift */; };
		885A8A932A9B5A000028E8BF /* Hearts.swift in Sources */ = {isa = PBXBuildFile; fileRef = 885A8A922A9B5A000028E8BF /* Hearts.swift */; };
		885A8A952A9B5A210028E8BF /* EraseLines.swift in Sources */ = {isa = PBXBuildFile; fileRef = 885A8A942A9B5A210028E8BF /* EraseLines.swift */; };
		885A8A972A9B5A450028E8BF /* EraseLargeDot.swift in Sources */ = {isa = PBXBuildFile; fileRef = 885A8A962A9B5A450028E8BF /* EraseLargeDot.swift */; };
		885A8A992A9B5A680028E8BF /* EraseCurve.swift in Sources */ = {isa = PBXBuildFile; fileRef = 885A8A982A9B5A680028E8BF /* EraseCurve.swift */; };
		885A8A9B2A9B5AB80028E8BF /* DrawSketchDot.swift in Sources */ = {isa = PBXBuildFile; fileRef = 885A8A9A2A9B5AB80028E8BF /* DrawSketchDot.swift */; };
		885A8A9D2A9B5AD80028E8BF /* DrawLargeDot.swift in Sources */ = {isa = PBXBuildFile; fileRef = 885A8A9C2A9B5AD80028E8BF /* DrawLargeDot.swift */; };
		885A8A9F2A9B5AFA0028E8BF /* DrawCurve.swift in Sources */ = {isa = PBXBuildFile; fileRef = 885A8A9E2A9B5AFA0028E8BF /* DrawCurve.swift */; };
		885A8AA12A9B5B160028E8BF /* DragDot.swift in Sources */ = {isa = PBXBuildFile; fileRef = 885A8AA02A9B5B160028E8BF /* DragDot.swift */; };
		885A8AA32A9B5B320028E8BF /* DeleteDot.swift in Sources */ = {isa = PBXBuildFile; fileRef = 885A8AA22A9B5B320028E8BF /* DeleteDot.swift */; };
		885A8AA52A9B5B510028E8BF /* DefineSketchDot.swift in Sources */ = {isa = PBXBuildFile; fileRef = 885A8AA42A9B5B510028E8BF /* DefineSketchDot.swift */; };
		885A8AA72A9B5B7C0028E8BF /* DefineSketchCurve.swift in Sources */ = {isa = PBXBuildFile; fileRef = 885A8AA62A9B5B7C0028E8BF /* DefineSketchCurve.swift */; };
		885A8AA92A9B5BA10028E8BF /* DefineDirection.swift in Sources */ = {isa = PBXBuildFile; fileRef = 885A8AA82A9B5BA10028E8BF /* DefineDirection.swift */; };
		885A8AAB2A9B5BBD0028E8BF /* DecodeIndex.swift in Sources */ = {isa = PBXBuildFile; fileRef = 885A8AAA2A9B5BBD0028E8BF /* DecodeIndex.swift */; };
		885A8AAD2A9B5BDC0028E8BF /* Cursive.swift in Sources */ = {isa = PBXBuildFile; fileRef = 885A8AAC2A9B5BDC0028E8BF /* Cursive.swift */; };
		885A8AAF2A9B5C040028E8BF /* ClearCurve.swift in Sources */ = {isa = PBXBuildFile; fileRef = 885A8AAE2A9B5C040028E8BF /* ClearCurve.swift */; };
		885A8AB12A9B5C480028E8BF /* CalcArcs.swift in Sources */ = {isa = PBXBuildFile; fileRef = 885A8AB02A9B5C480028E8BF /* CalcArcs.swift */; };
		885A8AB32A9B5C6E0028E8BF /* AddDotBefore.swift in Sources */ = {isa = PBXBuildFile; fileRef = 885A8AB22A9B5C6E0028E8BF /* AddDotBefore.swift */; };
		885A8AB52A9B5C940028E8BF /* AddDotAfter.swift in Sources */ = {isa = PBXBuildFile; fileRef = 885A8AB42A9B5C940028E8BF /* AddDotAfter.swift */; };
		885A8AB72A9B5CB70028E8BF /* DrawDot.swift in Sources */ = {isa = PBXBuildFile; fileRef = 885A8AB62A9B5CB70028E8BF /* DrawDot.swift */; };
		885A8AB92A9B5CD70028E8BF /* DotAsRegion.swift in Sources */ = {isa = PBXBuildFile; fileRef = 885A8AB82A9B5CD70028E8BF /* DotAsRegion.swift */; };
		885A8ABB2A9B5CF40028E8BF /* DefineDot.swift in Sources */ = {isa = PBXBuildFile; fileRef = 885A8ABA2A9B5CF40028E8BF /* DefineDot.swift */; };
		885A8ABD2A9B5D350028E8BF /* About.swift in Sources */ = {isa = PBXBuildFile; fileRef = 885A8ABC2A9B5D350028E8BF /* About.swift */; };
		885A8ABF2A9B5D8C0028E8BF /* WndProc.swift in Sources */ = {isa = PBXBuildFile; fileRef = 885A8ABE2A9B5D8C0028E8BF /* WndProc.swift */; };
		885A8AC12A9B5DC20028E8BF /* InitInstance.swift in Sources */ = {isa = PBXBuildFile; fileRef = 885A8AC02A9B5DC20028E8BF /* InitInstance.swift */; };
		885A8AC32A9B5DE70028E8BF /* InitApplication.swift in Sources */ = {isa = PBXBuildFile; fileRef = 885A8AC22A9B5DE70028E8BF /* InitApplication.swift */; };
		885A8AC52A9B5E0C0028E8BF /* WinMain.swift in Sources */ = {isa = PBXBuildFile; fileRef = 885A8AC42A9B5E0C0028E8BF /* WinMain.swift */; };
		885A8ACE2A9B67430028E8BF /* AppState.swift in Sources */ = {isa = PBXBuildFile; fileRef = 885A8ACD2A9B67430028E8BF /* AppState.swift */; };
		885A8AE12A9B76DA0028E8BF /* Cursive.arcdraw in Resources */ = {isa = PBXBuildFile; fileRef = 885A8AE02A9B76DA0028E8BF /* Cursive.arcdraw */; };
		885A8AE32A9B86B60028E8BF /* GetLastErrorBox.swift in Sources */ = {isa = PBXBuildFile; fileRef = 885A8AE22A9B86B60028E8BF /* GetLastErrorBox.swift */; };
/* End PBXBuildFile section */

/* Begin PBXFileReference section */
		880250C82A9BB2120076E001 /* CurveDefinition.swift */ = {isa = PBXFileReference; lastKnownFileType = sourcecode.swift; path = CurveDefinition.swift; sourceTree = "<group>"; };
		880250CA2A9BC5AC0076E001 /* ADFormatters.swift */ = {isa = PBXFileReference; lastKnownFileType = sourcecode.swift; path = ADFormatters.swift; sourceTree = "<group>"; };
		880250CC2A9BC62F0076E001 /* CommaNumberFormatter.swift */ = {isa = PBXFileReference; lastKnownFileType = sourcecode.swift; path = CommaNumberFormatter.swift; sourceTree = "<group>"; };
		880250CE2A9BC6D10076E001 /* DelayedTextFieldInt.swift */ = {isa = PBXFileReference; fileEncoding = 4; lastKnownFileType = sourcecode.swift; path = DelayedTextFieldInt.swift; sourceTree = "<group>"; };
		880250CF2A9BC6D10076E001 /* DelayedTextFieldDouble.swift */ = {isa = PBXFileReference; fileEncoding = 4; lastKnownFileType = sourcecode.swift; path = DelayedTextFieldDouble.swift; sourceTree = "<group>"; };
		880250D22A9BC7B20076E001 /* CurveListView.swift */ = {isa = PBXFileReference; lastKnownFileType = sourcecode.swift; path = CurveListView.swift; sourceTree = "<group>"; };
		880250D42A9BCFEA0076E001 /* TabbedView.swift */ = {isa = PBXFileReference; lastKnownFileType = sourcecode.swift; path = TabbedView.swift; sourceTree = "<group>"; };
		880250D82A9BD0BE0076E001 /* TabCurves.swift */ = {isa = PBXFileReference; lastKnownFileType = sourcecode.swift; path = TabCurves.swift; sourceTree = "<group>"; };
		880250DA2A9BD0CB0076E001 /* TabSave.swift */ = {isa = PBXFileReference; lastKnownFileType = sourcecode.swift; path = TabSave.swift; sourceTree = "<group>"; };
		880250E22A9E5BC80076E001 /* CurveView.swift */ = {isa = PBXFileReference; lastKnownFileType = sourcecode.swift; path = CurveView.swift; sourceTree = "<group>"; };
		880250E42A9E617A0076E001 /* DotDefinition.swift */ = {isa = PBXFileReference; lastKnownFileType = sourcecode.swift; path = DotDefinition.swift; sourceTree = "<group>"; };
		880250E62A9E69380076E001 /* DotListView.swift */ = {isa = PBXFileReference; lastKnownFileType = sourcecode.swift; path = DotListView.swift; sourceTree = "<group>"; };
		880250E82A9E8ED10076E001 /* KeyboardUtilities.swift */ = {isa = PBXFileReference; lastKnownFileType = sourcecode.swift; path = KeyboardUtilities.swift; sourceTree = "<group>"; };
		880250F02AA8F4D60076E001 /* ArcDrawDocument+Curve.swift */ = {isa = PBXFileReference; lastKnownFileType = sourcecode.swift; path = "ArcDrawDocument+Curve.swift"; sourceTree = "<group>"; };
		880250F22AA8F5050076E001 /* ArcDrawDocument+File.swift */ = {isa = PBXFileReference; lastKnownFileType = sourcecode.swift; path = "ArcDrawDocument+File.swift"; sourceTree = "<group>"; };
		880250F42AA8F8B00076E001 /* ArcDrawDocument+CurveUndo.swift */ = {isa = PBXFileReference; lastKnownFileType = sourcecode.swift; path = "ArcDrawDocument+CurveUndo.swift"; sourceTree = "<group>"; };
		880250F62AA8FEF20076E001 /* CGImage+PNGdata.swift */ = {isa = PBXFileReference; lastKnownFileType = sourcecode.swift; path = "CGImage+PNGdata.swift"; sourceTree = "<group>"; };
		880250F82AA8FFBC0076E001 /* String+Index.swift */ = {isa = PBXFileReference; lastKnownFileType = sourcecode.swift; path = "String+Index.swift"; sourceTree = "<group>"; };
		880250FA2AA900300076E001 /* UTType+arcdraw.swift */ = {isa = PBXFileReference; lastKnownFileType = sourcecode.swift; path = "UTType+arcdraw.swift"; sourceTree = "<group>"; };
		880250FC2AA985090076E001 /* ArcViewDocument+Dot.swift */ = {isa = PBXFileReference; lastKnownFileType = sourcecode.swift; path = "ArcViewDocument+Dot.swift"; sourceTree = "<group>"; };
		880251002AAC0E210076E001 /* Info.plist */ = {isa = PBXFileReference; fileEncoding = 4; lastKnownFileType = text.plist.xml; path = Info.plist; sourceTree = "<group>"; };
		880251032AAC134A0076E001 /* ConfiguredContentView.swift */ = {isa = PBXFileReference; lastKnownFileType = sourcecode.swift; path = ConfiguredContentView.swift; sourceTree = "<group>"; };
		880251052AAC18EB0076E001 /* AppConstants.swift */ = {isa = PBXFileReference; lastKnownFileType = sourcecode.swift; path = AppConstants.swift; sourceTree = "<group>"; };
		880251082AAC2DEE0076E001 /* OneDocManager.swift */ = {isa = PBXFileReference; lastKnownFileType = sourcecode.swift; name = OneDocManager.swift; path = Sources/OneDocManager.swift; sourceTree = SOURCE_ROOT; };
		885A8A452A9A8D790028E8BF /* README.md */ = {isa = PBXFileReference; fileEncoding = 4; lastKnownFileType = net.daringfireball.markdown; path = README.md; sourceTree = "<group>"; };
		885A8A462A9A8D790028E8BF /* DEV_NOTES.md */ = {isa = PBXFileReference; fileEncoding = 4; lastKnownFileType = net.daringfireball.markdown; path = DEV_NOTES.md; sourceTree = "<group>"; };
		885A8A472A9A8D790028E8BF /* Assets.xcassets */ = {isa = PBXFileReference; lastKnownFileType = folder.assetcatalog; path = Assets.xcassets; sourceTree = "<group>"; };
		885A8A492A9A8D790028E8BF /* ArcDrawApp.swift */ = {isa = PBXFileReference; fileEncoding = 4; lastKnownFileType = sourcecode.swift; path = ArcDrawApp.swift; sourceTree = "<group>"; };
		885A8A4A2A9A8D790028E8BF /* ContentView.swift */ = {isa = PBXFileReference; fileEncoding = 4; lastKnownFileType = sourcecode.swift; path = ContentView.swift; sourceTree = "<group>"; };
		885A8A532A9A8F9B0028E8BF /* WelcomeHeaderView.swift */ = {isa = PBXFileReference; fileEncoding = 4; lastKnownFileType = sourcecode.swift; path = WelcomeHeaderView.swift; sourceTree = "<group>"; };
		885A8A542A9A8F9B0028E8BF /* WelcomeMainView.swift */ = {isa = PBXFileReference; fileEncoding = 4; lastKnownFileType = sourcecode.swift; path = WelcomeMainView.swift; sourceTree = "<group>"; };
		885A8A552A9A8F9B0028E8BF /* WelcomeView.swift */ = {isa = PBXFileReference; fileEncoding = 4; lastKnownFileType = sourcecode.swift; path = WelcomeView.swift; sourceTree = "<group>"; };
		885A8A562A9A8F9B0028E8BF /* WelcomeMainImageView.swift */ = {isa = PBXFileReference; fileEncoding = 4; lastKnownFileType = sourcecode.swift; path = WelcomeMainImageView.swift; sourceTree = "<group>"; };
		885A8A582A9A8F9C0028E8BF /* WelcomeMainInformationView.swift */ = {isa = PBXFileReference; fileEncoding = 4; lastKnownFileType = sourcecode.swift; path = WelcomeMainInformationView.swift; sourceTree = "<group>"; };
		885A8A5F2A9A8FE80028E8BF /* ArcDrawApp+Menu.swift */ = {isa = PBXFileReference; fileEncoding = 4; lastKnownFileType = sourcecode.swift; path = "ArcDrawApp+Menu.swift"; sourceTree = "<group>"; };
		885A8A612A9A91CB0028E8BF /* WelcomeWindowController.swift */ = {isa = PBXFileReference; fileEncoding = 4; lastKnownFileType = sourcecode.swift; path = WelcomeWindowController.swift; sourceTree = "<group>"; };
		885A8A632A9A927C0028E8BF /* PictureDefinition.swift */ = {isa = PBXFileReference; fileEncoding = 4; lastKnownFileType = sourcecode.swift; path = PictureDefinition.swift; sourceTree = "<group>"; };
		885A8A642A9A927C0028E8BF /* ArcDrawDocument.swift */ = {isa = PBXFileReference; fileEncoding = 4; lastKnownFileType = sourcecode.swift; path = ArcDrawDocument.swift; sourceTree = "<group>"; };
		885A8A692A9AAFC90028E8BF /* PanelDisplay.swift */ = {isa = PBXFileReference; fileEncoding = 4; lastKnownFileType = sourcecode.swift; path = PanelDisplay.swift; sourceTree = "<group>"; };
		885A8A6B2A9AAFE60028E8BF /* PanelUI.swift */ = {isa = PBXFileReference; fileEncoding = 4; lastKnownFileType = sourcecode.swift; path = PanelUI.swift; sourceTree = "<group>"; };
		885A8A6E2A9AB1950028E8BF /* ImageViewModel.swift */ = {isa = PBXFileReference; lastKnownFileType = sourcecode.swift; path = ImageViewModel.swift; sourceTree = "<group>"; };
		885A8A712A9AB2C70028E8BF /* BitmapGrid.swift */ = {isa = PBXFileReference; fileEncoding = 4; lastKnownFileType = sourcecode.swift; path = BitmapGrid.swift; sourceTree = "<group>"; };
		885A8A722A9AB2C70028E8BF /* BitmapImage.swift */ = {isa = PBXFileReference; fileEncoding = 4; lastKnownFileType = sourcecode.swift; path = BitmapImage.swift; sourceTree = "<group>"; };
		885A8A752A9AB66C0028E8BF /* DrawingController.swift */ = {isa = PBXFileReference; lastKnownFileType = sourcecode.swift; path = DrawingController.swift; sourceTree = "<group>"; };
		885A8A772A9AB6940028E8BF /* DrawingView.swift */ = {isa = PBXFileReference; lastKnownFileType = sourcecode.swift; path = DrawingView.swift; sourceTree = "<group>"; };
		885A8A792A9AB7FD0028E8BF /* Line.swift */ = {isa = PBXFileReference; lastKnownFileType = sourcecode.swift; path = Line.swift; sourceTree = "<group>"; };
		885A8A7C2A9B56EB0028E8BF /* YinYang.swift */ = {isa = PBXFileReference; lastKnownFileType = sourcecode.swift; path = YinYang.swift; sourceTree = "<group>"; };
		885A8A7E2A9B57950028E8BF /* RoundToInt.swift */ = {isa = PBXFileReference; lastKnownFileType = sourcecode.swift; path = RoundToInt.swift; sourceTree = "<group>"; };
		885A8A802A9B58520028E8BF /* UndoLastAndFindHiddenDot.swift */ = {isa = PBXFileReference; lastKnownFileType = sourcecode.swift; path = UndoLastAndFindHiddenDot.swift; sourceTree = "<group>"; };
		885A8A822A9B58BA0028E8BF /* UndoLast.swift */ = {isa = PBXFileReference; lastKnownFileType = sourcecode.swift; path = UndoLast.swift; sourceTree = "<group>"; };
		885A8A842A9B58FB0028E8BF /* Spirals.swift */ = {isa = PBXFileReference; lastKnownFileType = sourcecode.swift; path = Spirals.swift; sourceTree = "<group>"; };
		885A8A862A9B59270028E8BF /* Shapes.swift */ = {isa = PBXFileReference; lastKnownFileType = sourcecode.swift; path = Shapes.swift; sourceTree = "<group>"; };
		885A8A882A9B59500028E8BF /* Redraw.swift */ = {isa = PBXFileReference; lastKnownFileType = sourcecode.swift; path = Redraw.swift; sourceTree = "<group>"; };
		885A8A8A2A9B59790028E8BF /* Petals.swift */ = {isa = PBXFileReference; lastKnownFileType = sourcecode.swift; path = Petals.swift; sourceTree = "<group>"; };
		885A8A8C2A9B599D0028E8BF /* NewSketchCurve.swift */ = {isa = PBXFileReference; lastKnownFileType = sourcecode.swift; path = NewSketchCurve.swift; sourceTree = "<group>"; };
		885A8A8E2A9B59BA0028E8BF /* NewCurve.swift */ = {isa = PBXFileReference; lastKnownFileType = sourcecode.swift; path = NewCurve.swift; sourceTree = "<group>"; };
		885A8A902A9B59DE0028E8BF /* Moons.swift */ = {isa = PBXFileReference; lastKnownFileType = sourcecode.swift; path = Moons.swift; sourceTree = "<group>"; };
		885A8A922A9B5A000028E8BF /* Hearts.swift */ = {isa = PBXFileReference; lastKnownFileType = sourcecode.swift; path = Hearts.swift; sourceTree = "<group>"; };
		885A8A942A9B5A210028E8BF /* EraseLines.swift */ = {isa = PBXFileReference; lastKnownFileType = sourcecode.swift; path = EraseLines.swift; sourceTree = "<group>"; };
		885A8A962A9B5A450028E8BF /* EraseLargeDot.swift */ = {isa = PBXFileReference; lastKnownFileType = sourcecode.swift; path = EraseLargeDot.swift; sourceTree = "<group>"; };
		885A8A982A9B5A680028E8BF /* EraseCurve.swift */ = {isa = PBXFileReference; lastKnownFileType = sourcecode.swift; path = EraseCurve.swift; sourceTree = "<group>"; };
		885A8A9A2A9B5AB80028E8BF /* DrawSketchDot.swift */ = {isa = PBXFileReference; lastKnownFileType = sourcecode.swift; path = DrawSketchDot.swift; sourceTree = "<group>"; };
		885A8A9C2A9B5AD80028E8BF /* DrawLargeDot.swift */ = {isa = PBXFileReference; lastKnownFileType = sourcecode.swift; path = DrawLargeDot.swift; sourceTree = "<group>"; };
		885A8A9E2A9B5AFA0028E8BF /* DrawCurve.swift */ = {isa = PBXFileReference; lastKnownFileType = sourcecode.swift; path = DrawCurve.swift; sourceTree = "<group>"; };
		885A8AA02A9B5B160028E8BF /* DragDot.swift */ = {isa = PBXFileReference; lastKnownFileType = sourcecode.swift; path = DragDot.swift; sourceTree = "<group>"; };
		885A8AA22A9B5B320028E8BF /* DeleteDot.swift */ = {isa = PBXFileReference; lastKnownFileType = sourcecode.swift; path = DeleteDot.swift; sourceTree = "<group>"; };
		885A8AA42A9B5B510028E8BF /* DefineSketchDot.swift */ = {isa = PBXFileReference; lastKnownFileType = sourcecode.swift; path = DefineSketchDot.swift; sourceTree = "<group>"; };
		885A8AA62A9B5B7C0028E8BF /* DefineSketchCurve.swift */ = {isa = PBXFileReference; lastKnownFileType = sourcecode.swift; path = DefineSketchCurve.swift; sourceTree = "<group>"; };
		885A8AA82A9B5BA10028E8BF /* DefineDirection.swift */ = {isa = PBXFileReference; lastKnownFileType = sourcecode.swift; path = DefineDirection.swift; sourceTree = "<group>"; };
		885A8AAA2A9B5BBD0028E8BF /* DecodeIndex.swift */ = {isa = PBXFileReference; lastKnownFileType = sourcecode.swift; path = DecodeIndex.swift; sourceTree = "<group>"; };
		885A8AAC2A9B5BDC0028E8BF /* Cursive.swift */ = {isa = PBXFileReference; lastKnownFileType = sourcecode.swift; path = Cursive.swift; sourceTree = "<group>"; };
		885A8AAE2A9B5C040028E8BF /* ClearCurve.swift */ = {isa = PBXFileReference; lastKnownFileType = sourcecode.swift; path = ClearCurve.swift; sourceTree = "<group>"; };
		885A8AB02A9B5C480028E8BF /* CalcArcs.swift */ = {isa = PBXFileReference; lastKnownFileType = sourcecode.swift; path = CalcArcs.swift; sourceTree = "<group>"; };
		885A8AB22A9B5C6E0028E8BF /* AddDotBefore.swift */ = {isa = PBXFileReference; lastKnownFileType = sourcecode.swift; path = AddDotBefore.swift; sourceTree = "<group>"; };
		885A8AB42A9B5C940028E8BF /* AddDotAfter.swift */ = {isa = PBXFileReference; lastKnownFileType = sourcecode.swift; path = AddDotAfter.swift; sourceTree = "<group>"; };
		885A8AB62A9B5CB70028E8BF /* DrawDot.swift */ = {isa = PBXFileReference; lastKnownFileType = sourcecode.swift; path = DrawDot.swift; sourceTree = "<group>"; };
		885A8AB82A9B5CD70028E8BF /* DotAsRegion.swift */ = {isa = PBXFileReference; lastKnownFileType = sourcecode.swift; path = DotAsRegion.swift; sourceTree = "<group>"; };
		885A8ABA2A9B5CF40028E8BF /* DefineDot.swift */ = {isa = PBXFileReference; lastKnownFileType = sourcecode.swift; path = DefineDot.swift; sourceTree = "<group>"; };
		885A8ABC2A9B5D350028E8BF /* About.swift */ = {isa = PBXFileReference; lastKnownFileType = sourcecode.swift; path = About.swift; sourceTree = "<group>"; };
		885A8ABE2A9B5D8C0028E8BF /* WndProc.swift */ = {isa = PBXFileReference; lastKnownFileType = sourcecode.swift; path = WndProc.swift; sourceTree = "<group>"; };
		885A8AC02A9B5DC20028E8BF /* InitInstance.swift */ = {isa = PBXFileReference; lastKnownFileType = sourcecode.swift; path = InitInstance.swift; sourceTree = "<group>"; };
		885A8AC22A9B5DE70028E8BF /* InitApplication.swift */ = {isa = PBXFileReference; lastKnownFileType = sourcecode.swift; path = InitApplication.swift; sourceTree = "<group>"; };
		885A8AC42A9B5E0C0028E8BF /* WinMain.swift */ = {isa = PBXFileReference; lastKnownFileType = sourcecode.swift; path = WinMain.swift; sourceTree = "<group>"; };
		885A8ACD2A9B67430028E8BF /* AppState.swift */ = {isa = PBXFileReference; lastKnownFileType = sourcecode.swift; path = AppState.swift; sourceTree = "<group>"; };
		885A8AD42A9B74590028E8BF /* Hearts.arcdraw */ = {isa = PBXFileReference; lastKnownFileType = text; path = Hearts.arcdraw; sourceTree = "<group>"; };
		885A8AD62A9B74640028E8BF /* Moons.arcdraw */ = {isa = PBXFileReference; lastKnownFileType = text; path = Moons.arcdraw; sourceTree = "<group>"; };
		885A8AD82A9B74730028E8BF /* Petals.arcdraw */ = {isa = PBXFileReference; lastKnownFileType = text; path = Petals.arcdraw; sourceTree = "<group>"; };
		885A8ADA2A9B747E0028E8BF /* Shapes.arcdraw */ = {isa = PBXFileReference; lastKnownFileType = text; path = Shapes.arcdraw; sourceTree = "<group>"; };
		885A8ADC2A9B74910028E8BF /* Spirals.arcdraw */ = {isa = PBXFileReference; lastKnownFileType = text; path = Spirals.arcdraw; sourceTree = "<group>"; };
		885A8ADE2A9B74AC0028E8BF /* YinYang.arcdraw */ = {isa = PBXFileReference; lastKnownFileType = text; path = YinYang.arcdraw; sourceTree = "<group>"; };
		885A8AE02A9B76DA0028E8BF /* Cursive.arcdraw */ = {isa = PBXFileReference; lastKnownFileType = text; path = Cursive.arcdraw; sourceTree = "<group>"; };
		885A8AE22A9B86B60028E8BF /* GetLastErrorBox.swift */ = {isa = PBXFileReference; fileEncoding = 4; lastKnownFileType = sourcecode.swift; path = GetLastErrorBox.swift; sourceTree = "<group>"; };
		C568E3E02A68755C00B63F6F /* ArcDraw.app */ = {isa = PBXFileReference; explicitFileType = wrapper.application; includeInIndex = 0; path = ArcDraw.app; sourceTree = BUILT_PRODUCTS_DIR; };
		C568E3E92A68755C00B63F6F /* ArcDraw.entitlements */ = {isa = PBXFileReference; lastKnownFileType = text.plist.entitlements; path = ArcDraw.entitlements; sourceTree = SOURCE_ROOT; };
/* End PBXFileReference section */

/* Begin PBXFrameworksBuildPhase section */
		C568E3DD2A68755C00B63F6F /* Frameworks */ = {
			isa = PBXFrameworksBuildPhase;
			buildActionMask = 2147483647;
			files = (
			);
			runOnlyForDeploymentPostprocessing = 0;
		};
/* End PBXFrameworksBuildPhase section */

/* Begin PBXGroup section */
		880250EF2AA8E9120076E001 /* Resources */ = {
			isa = PBXGroup;
			children = (
				885A8AE02A9B76DA0028E8BF /* Cursive.arcdraw */,
				885A8AD42A9B74590028E8BF /* Hearts.arcdraw */,
				885A8AD62A9B74640028E8BF /* Moons.arcdraw */,
				885A8AD82A9B74730028E8BF /* Petals.arcdraw */,
				885A8ADA2A9B747E0028E8BF /* Shapes.arcdraw */,
				885A8ADC2A9B74910028E8BF /* Spirals.arcdraw */,
				885A8ADE2A9B74AC0028E8BF /* YinYang.arcdraw */,
			);
			path = Resources;
			sourceTree = "<group>";
		};
		880251072AAC2D4A0076E001 /* Observables */ = {
			isa = PBXGroup;
			children = (
				880251082AAC2DEE0076E001 /* OneDocManager.swift */,
			);
			path = Observables;
			sourceTree = "<group>";
		};
		885A8A482A9A8D790028E8BF /* Sources */ = {
			isa = PBXGroup;
			children = (
				885A8A682A9A9A450028E8BF /* ArcDraw */,
				885A8A492A9A8D790028E8BF /* ArcDrawApp.swift */,
				885A8A5F2A9A8FE80028E8BF /* ArcDrawApp+Menu.swift */,
				880251052AAC18EB0076E001 /* AppConstants.swift */,
				885A8ACD2A9B67430028E8BF /* AppState.swift */,
				885A8ABC2A9B5D350028E8BF /* About.swift */,
				885A8AE22A9B86B60028E8BF /* GetLastErrorBox.swift */,
				885A8AC02A9B5DC20028E8BF /* InitInstance.swift */,
				885A8AC22A9B5DE70028E8BF /* InitApplication.swift */,
				885A8AC42A9B5E0C0028E8BF /* WinMain.swift */,
				885A8ABE2A9B5D8C0028E8BF /* WndProc.swift */,
			);
			path = Sources;
			sourceTree = "<group>";
		};
		885A8A502A9A8E8C0028E8BF /* Models */ = {
			isa = PBXGroup;
			children = (
				885A8A642A9A927C0028E8BF /* ArcDrawDocument.swift */,
				880250F02AA8F4D60076E001 /* ArcDrawDocument+Curve.swift */,
				880250F42AA8F8B00076E001 /* ArcDrawDocument+CurveUndo.swift */,
				880250F22AA8F5050076E001 /* ArcDrawDocument+File.swift */,
				880250FC2AA985090076E001 /* ArcViewDocument+Dot.swift */,
				880250C82A9BB2120076E001 /* CurveDefinition.swift */,
				880250E42A9E617A0076E001 /* DotDefinition.swift */,
				885A8A792A9AB7FD0028E8BF /* Line.swift */,
				885A8A632A9A927C0028E8BF /* PictureDefinition.swift */,
			);
			path = Models;
			sourceTree = "<group>";
		};
		885A8A512A9A8E950028E8BF /* Views */ = {
			isa = PBXGroup;
			children = (
				880251032AAC134A0076E001 /* ConfiguredContentView.swift */,
				885A8A4A2A9A8D790028E8BF /* ContentView.swift */,
				880250D22A9BC7B20076E001 /* CurveListView.swift */,
				880250E22A9E5BC80076E001 /* CurveView.swift */,
				880250CF2A9BC6D10076E001 /* DelayedTextFieldDouble.swift */,
				880250CE2A9BC6D10076E001 /* DelayedTextFieldInt.swift */,
				880250E62A9E69380076E001 /* DotListView.swift */,
				885A8A772A9AB6940028E8BF /* DrawingView.swift */,
				885A8A692A9AAFC90028E8BF /* PanelDisplay.swift */,
				885A8A6B2A9AAFE60028E8BF /* PanelUI.swift */,
				880250D42A9BCFEA0076E001 /* TabbedView.swift */,
				880250D82A9BD0BE0076E001 /* TabCurves.swift */,
				880250DA2A9BD0CB0076E001 /* TabSave.swift */,
				885A8A532A9A8F9B0028E8BF /* WelcomeHeaderView.swift */,
				885A8A562A9A8F9B0028E8BF /* WelcomeMainImageView.swift */,
				885A8A582A9A8F9C0028E8BF /* WelcomeMainInformationView.swift */,
				885A8A542A9A8F9B0028E8BF /* WelcomeMainView.swift */,
				885A8A552A9A8F9B0028E8BF /* WelcomeView.swift */,
			);
			path = Views;
			sourceTree = "<group>";
		};
		885A8A522A9A8E9B0028E8BF /* Controllers */ = {
			isa = PBXGroup;
			children = (
				885A8A752A9AB66C0028E8BF /* DrawingController.swift */,
				885A8A612A9A91CB0028E8BF /* WelcomeWindowController.swift */,
			);
			path = Controllers;
			sourceTree = "<group>";
		};
		885A8A682A9A9A450028E8BF /* ArcDraw */ = {
			isa = PBXGroup;
			children = (
				880251072AAC2D4A0076E001 /* Observables */,
				885A8A7B2A9B56AB0028E8BF /* Examples */,
				885A8A702A9AB2A40028E8BF /* Utilities */,
				885A8A6D2A9AB1800028E8BF /* ViewModels */,
				885A8A522A9A8E9B0028E8BF /* Controllers */,
				885A8A502A9A8E8C0028E8BF /* Models */,
				885A8A512A9A8E950028E8BF /* Views */,
			);
			path = ArcDraw;
			sourceTree = "<group>";
		};
		885A8A6D2A9AB1800028E8BF /* ViewModels */ = {
			isa = PBXGroup;
			children = (
				885A8A6E2A9AB1950028E8BF /* ImageViewModel.swift */,
			);
			path = ViewModels;
			sourceTree = "<group>";
		};
		885A8A702A9AB2A40028E8BF /* Utilities */ = {
			isa = PBXGroup;
			children = (
				885A8ACB2A9B64590028E8BF /* BitMap */,
				885A8ACA2A9B63F60028E8BF /* Curve */,
				885A8AC82A9B63AF0028E8BF /* Dot */,
				885A8A7E2A9B57950028E8BF /* RoundToInt.swift */,
				885A8A802A9B58520028E8BF /* UndoLastAndFindHiddenDot.swift */,
				880250CC2A9BC62F0076E001 /* CommaNumberFormatter.swift */,
				885A8A822A9B58BA0028E8BF /* UndoLast.swift */,
				885A8A882A9B59500028E8BF /* Redraw.swift */,
				885A8A942A9B5A210028E8BF /* EraseLines.swift */,
				885A8A962A9B5A450028E8BF /* EraseLargeDot.swift */,
				885A8AA82A9B5BA10028E8BF /* DefineDirection.swift */,
				885A8AAA2A9B5BBD0028E8BF /* DecodeIndex.swift */,
				885A8AB02A9B5C480028E8BF /* CalcArcs.swift */,
				885A8AB22A9B5C6E0028E8BF /* AddDotBefore.swift */,
				885A8AB42A9B5C940028E8BF /* AddDotAfter.swift */,
				885A8AB82A9B5CD70028E8BF /* DotAsRegion.swift */,
				880250CA2A9BC5AC0076E001 /* ADFormatters.swift */,
				880250E82A9E8ED10076E001 /* KeyboardUtilities.swift */,
				880250F62AA8FEF20076E001 /* CGImage+PNGdata.swift */,
				880250F82AA8FFBC0076E001 /* String+Index.swift */,
				880250FA2AA900300076E001 /* UTType+arcdraw.swift */,
			);
			path = Utilities;
			sourceTree = "<group>";
		};
		885A8A7B2A9B56AB0028E8BF /* Examples */ = {
			isa = PBXGroup;
			children = (
				885A8AAC2A9B5BDC0028E8BF /* Cursive.swift */,
				885A8A922A9B5A000028E8BF /* Hearts.swift */,
				885A8A902A9B59DE0028E8BF /* Moons.swift */,
				885A8A8A2A9B59790028E8BF /* Petals.swift */,
				885A8A862A9B59270028E8BF /* Shapes.swift */,
				885A8A842A9B58FB0028E8BF /* Spirals.swift */,
				885A8A7C2A9B56EB0028E8BF /* YinYang.swift */,
			);
			path = Examples;
			sourceTree = "<group>";
		};
		885A8AC82A9B63AF0028E8BF /* Dot */ = {
			isa = PBXGroup;
			children = (
				885A8A9A2A9B5AB80028E8BF /* DrawSketchDot.swift */,
				885A8AA42A9B5B510028E8BF /* DefineSketchDot.swift */,
				885A8AA02A9B5B160028E8BF /* DragDot.swift */,
				885A8AA22A9B5B320028E8BF /* DeleteDot.swift */,
				885A8ABA2A9B5CF40028E8BF /* DefineDot.swift */,
				885A8AB62A9B5CB70028E8BF /* DrawDot.swift */,
				885A8A9C2A9B5AD80028E8BF /* DrawLargeDot.swift */,
			);
			path = Dot;
			sourceTree = "<group>";
		};
		885A8ACA2A9B63F60028E8BF /* Curve */ = {
			isa = PBXGroup;
			children = (
				885A8A8E2A9B59BA0028E8BF /* NewCurve.swift */,
				885A8AA62A9B5B7C0028E8BF /* DefineSketchCurve.swift */,
				885A8A9E2A9B5AFA0028E8BF /* DrawCurve.swift */,
				885A8A982A9B5A680028E8BF /* EraseCurve.swift */,
				885A8A8C2A9B599D0028E8BF /* NewSketchCurve.swift */,
				885A8AAE2A9B5C040028E8BF /* ClearCurve.swift */,
			);
			path = Curve;
			sourceTree = "<group>";
		};
		885A8ACB2A9B64590028E8BF /* BitMap */ = {
			isa = PBXGroup;
			children = (
				885A8A712A9AB2C70028E8BF /* BitmapGrid.swift */,
				885A8A722A9AB2C70028E8BF /* BitmapImage.swift */,
			);
			path = BitMap;
			sourceTree = "<group>";
		};
		C568E3D72A68755C00B63F6F = {
			isa = PBXGroup;
			children = (
				880251002AAC0E210076E001 /* Info.plist */,
				880250EF2AA8E9120076E001 /* Resources */,
				885A8A472A9A8D790028E8BF /* Assets.xcassets */,
				C568E3E92A68755C00B63F6F /* ArcDraw.entitlements */,
				885A8A462A9A8D790028E8BF /* DEV_NOTES.md */,
				885A8A452A9A8D790028E8BF /* README.md */,
				885A8A482A9A8D790028E8BF /* Sources */,
				C568E3E12A68755C00B63F6F /* Products */,
			);
			sourceTree = "<group>";
		};
		C568E3E12A68755C00B63F6F /* Products */ = {
			isa = PBXGroup;
			children = (
				C568E3E02A68755C00B63F6F /* ArcDraw.app */,
			);
			name = Products;
			sourceTree = "<group>";
		};
/* End PBXGroup section */

/* Begin PBXNativeTarget section */
		C568E3DF2A68755C00B63F6F /* ArcDraw */ = {
			isa = PBXNativeTarget;
			buildConfigurationList = C568E4052A68755D00B63F6F /* Build configuration list for PBXNativeTarget "ArcDraw" */;
			buildPhases = (
				C568E3DC2A68755C00B63F6F /* Sources */,
				C568E3DD2A68755C00B63F6F /* Frameworks */,
				C568E3DE2A68755C00B63F6F /* Resources */,
			);
			buildRules = (
			);
			dependencies = (
			);
			name = ArcDraw;
			productName = ArcDraw;
			productReference = C568E3E02A68755C00B63F6F /* ArcDraw.app */;
			productType = "com.apple.product-type.application";
		};
/* End PBXNativeTarget section */

/* Begin PBXProject section */
		C568E3D82A68755C00B63F6F /* Project object */ = {
			isa = PBXProject;
			attributes = {
				BuildIndependentTargetsInParallel = 1;
				LastSwiftUpdateCheck = 1430;
				LastUpgradeCheck = 1530;
				ORGANIZATIONNAME = "";
				TargetAttributes = {
					C568E3DF2A68755C00B63F6F = {
						CreatedOnToolsVersion = 14.3.1;
					};
				};
			};
			buildConfigurationList = C568E3DB2A68755C00B63F6F /* Build configuration list for PBXProject "ArcDraw" */;
			compatibilityVersion = "Xcode 14.0";
			developmentRegion = en;
			hasScannedForEncodings = 0;
			knownRegions = (
				en,
				Base,
			);
			mainGroup = C568E3D72A68755C00B63F6F;
			productRefGroup = C568E3E12A68755C00B63F6F /* Products */;
			projectDirPath = "";
			projectRoot = "";
			targets = (
				C568E3DF2A68755C00B63F6F /* ArcDraw */,
			);
		};
/* End PBXProject section */

/* Begin PBXResourcesBuildPhase section */
		C568E3DE2A68755C00B63F6F /* Resources */ = {
			isa = PBXResourcesBuildPhase;
			buildActionMask = 2147483647;
			files = (
				885A8AE12A9B76DA0028E8BF /* Cursive.arcdraw in Resources */,
				880250C22A9B9D630076E001 /* Hearts.arcdraw in Resources */,
				880250C32A9B9D630076E001 /* Moons.arcdraw in Resources */,
				880250C42A9B9D630076E001 /* Petals.arcdraw in Resources */,
				880250C52A9B9D630076E001 /* Shapes.arcdraw in Resources */,
				880250C62A9B9D630076E001 /* Spirals.arcdraw in Resources */,
				880250C72A9B9D630076E001 /* YinYang.arcdraw in Resources */,
				885A8A4C2A9A8D790028E8BF /* DEV_NOTES.md in Resources */,
				885A8A4B2A9A8D790028E8BF /* README.md in Resources */,
				885A8A4D2A9A8D790028E8BF /* Assets.xcassets in Resources */,
			);
			runOnlyForDeploymentPostprocessing = 0;
		};
/* End PBXResourcesBuildPhase section */

/* Begin PBXSourcesBuildPhase section */
		C568E3DC2A68755C00B63F6F /* Sources */ = {
			isa = PBXSourcesBuildPhase;
			buildActionMask = 2147483647;
			files = (
				880250E52A9E617A0076E001 /* DotDefinition.swift in Sources */,
				885A8A732A9AB2C70028E8BF /* BitmapGrid.swift in Sources */,
				885A8A6F2A9AB1950028E8BF /* ImageViewModel.swift in Sources */,
				885A8A6C2A9AAFE60028E8BF /* PanelUI.swift in Sources */,
				885A8A9F2A9B5AFA0028E8BF /* DrawCurve.swift in Sources */,
				885A8A5C2A9A8F9C0028E8BF /* WelcomeMainImageView.swift in Sources */,
				885A8A662A9A927C0028E8BF /* ArcDrawDocument.swift in Sources */,
				880250F32AA8F5050076E001 /* ArcDrawDocument+File.swift in Sources */,
				885A8A9D2A9B5AD80028E8BF /* DrawLargeDot.swift in Sources */,
				885A8AB92A9B5CD70028E8BF /* DotAsRegion.swift in Sources */,
				885A8A5E2A9A8F9C0028E8BF /* WelcomeMainInformationView.swift in Sources */,
				885A8AA72A9B5B7C0028E8BF /* DefineSketchCurve.swift in Sources */,
				885A8A812A9B58520028E8BF /* UndoLastAndFindHiddenDot.swift in Sources */,
				885A8A932A9B5A000028E8BF /* Hearts.swift in Sources */,
				885A8AB12A9B5C480028E8BF /* CalcArcs.swift in Sources */,
				885A8AAB2A9B5BBD0028E8BF /* DecodeIndex.swift in Sources */,
				880250E72A9E69380076E001 /* DotListView.swift in Sources */,
				880250F72AA8FEF20076E001 /* CGImage+PNGdata.swift in Sources */,
				885A8A5B2A9A8F9C0028E8BF /* WelcomeView.swift in Sources */,
				880251062AAC18EB0076E001 /* AppConstants.swift in Sources */,
				885A8AB52A9B5C940028E8BF /* AddDotAfter.swift in Sources */,
				885A8AA92A9B5BA10028E8BF /* DefineDirection.swift in Sources */,
				885A8ABD2A9B5D350028E8BF /* About.swift in Sources */,
				885A8A602A9A8FE80028E8BF /* ArcDrawApp+Menu.swift in Sources */,
				880250D52A9BCFEA0076E001 /* TabbedView.swift in Sources */,
				880250D92A9BD0BE0076E001 /* TabCurves.swift in Sources */,
				885A8AC32A9B5DE70028E8BF /* InitApplication.swift in Sources */,
				885A8AA52A9B5B510028E8BF /* DefineSketchDot.swift in Sources */,
				885A8AAF2A9B5C040028E8BF /* ClearCurve.swift in Sources */,
				880250CB2A9BC5AC0076E001 /* ADFormatters.swift in Sources */,
				880250D12A9BC6D10076E001 /* DelayedTextFieldDouble.swift in Sources */,
				885A8A5A2A9A8F9C0028E8BF /* WelcomeMainView.swift in Sources */,
				885A8A9B2A9B5AB80028E8BF /* DrawSketchDot.swift in Sources */,
				885A8A762A9AB66C0028E8BF /* DrawingController.swift in Sources */,
				880251042AAC134A0076E001 /* ConfiguredContentView.swift in Sources */,
				885A8ACE2A9B67430028E8BF /* AppState.swift in Sources */,
				885A8AE32A9B86B60028E8BF /* GetLastErrorBox.swift in Sources */,
				880250E32A9E5BC80076E001 /* CurveView.swift in Sources */,
				885A8A622A9A91CB0028E8BF /* WelcomeWindowController.swift in Sources */,
				885A8A972A9B5A450028E8BF /* EraseLargeDot.swift in Sources */,
				885A8AB72A9B5CB70028E8BF /* DrawDot.swift in Sources */,
				885A8A6A2A9AAFC90028E8BF /* PanelDisplay.swift in Sources */,
				885A8A652A9A927C0028E8BF /* PictureDefinition.swift in Sources */,
				885A8A852A9B58FB0028E8BF /* Spirals.swift in Sources */,
				885A8ABB2A9B5CF40028E8BF /* DefineDot.swift in Sources */,
				885A8A7F2A9B57950028E8BF /* RoundToInt.swift in Sources */,
				885A8A892A9B59500028E8BF /* Redraw.swift in Sources */,
				885A8AA32A9B5B320028E8BF /* DeleteDot.swift in Sources */,
				885A8AC52A9B5E0C0028E8BF /* WinMain.swift in Sources */,
				885A8A4F2A9A8D790028E8BF /* ContentView.swift in Sources */,
				885A8A8B2A9B59790028E8BF /* Petals.swift in Sources */,
				885A8A872A9B59270028E8BF /* Shapes.swift in Sources */,
				885A8AA12A9B5B160028E8BF /* DragDot.swift in Sources */,
				885A8A4E2A9A8D790028E8BF /* ArcDrawApp.swift in Sources */,
				880250FB2AA900300076E001 /* UTType+arcdraw.swift in Sources */,
				885A8A952A9B5A210028E8BF /* EraseLines.swift in Sources */,
				885A8AAD2A9B5BDC0028E8BF /* Cursive.swift in Sources */,
				885A8A7D2A9B56EB0028E8BF /* YinYang.swift in Sources */,
				880251092AAC2DEE0076E001 /* OneDocManager.swift in Sources */,
				880250DB2A9BD0CB0076E001 /* TabSave.swift in Sources */,
				880250D32A9BC7B20076E001 /* CurveListView.swift in Sources */,
				880250CD2A9BC62F0076E001 /* CommaNumberFormatter.swift in Sources */,
				885A8AC12A9B5DC20028E8BF /* InitInstance.swift in Sources */,
				885A8A832A9B58BA0028E8BF /* UndoLast.swift in Sources */,
				885A8A7A2A9AB7FD0028E8BF /* Line.swift in Sources */,
				880250F92AA8FFBC0076E001 /* String+Index.swift in Sources */,
				880250D02A9BC6D10076E001 /* DelayedTextFieldInt.swift in Sources */,
				880250FD2AA985090076E001 /* ArcViewDocument+Dot.swift in Sources */,
				885A8A8D2A9B599D0028E8BF /* NewSketchCurve.swift in Sources */,
				885A8AB32A9B5C6E0028E8BF /* AddDotBefore.swift in Sources */,
				885A8A992A9B5A680028E8BF /* EraseCurve.swift in Sources */,
				885A8A782A9AB6940028E8BF /* DrawingView.swift in Sources */,
				880250F52AA8F8B00076E001 /* ArcDrawDocument+CurveUndo.swift in Sources */,
				885A8A912A9B59DE0028E8BF /* Moons.swift in Sources */,
				885A8A592A9A8F9C0028E8BF /* WelcomeHeaderView.swift in Sources */,
				880250C92A9BB2120076E001 /* CurveDefinition.swift in Sources */,
				885A8A742A9AB2C70028E8BF /* BitmapImage.swift in Sources */,
				880250E92A9E8ED10076E001 /* KeyboardUtilities.swift in Sources */,
				885A8ABF2A9B5D8C0028E8BF /* WndProc.swift in Sources */,
				880250F12AA8F4D60076E001 /* ArcDrawDocument+Curve.swift in Sources */,
				885A8A8F2A9B59BA0028E8BF /* NewCurve.swift in Sources */,
			);
			runOnlyForDeploymentPostprocessing = 0;
		};
/* End PBXSourcesBuildPhase section */

/* Begin XCBuildConfiguration section */
		C568E4032A68755D00B63F6F /* Debug */ = {
			isa = XCBuildConfiguration;
			buildSettings = {
				ALWAYS_SEARCH_USER_PATHS = NO;
				CLANG_ANALYZER_NONNULL = YES;
				CLANG_ANALYZER_NUMBER_OBJECT_CONVERSION = YES_AGGRESSIVE;
				CLANG_CXX_LANGUAGE_STANDARD = "gnu++20";
				CLANG_ENABLE_MODULES = YES;
				CLANG_ENABLE_OBJC_ARC = YES;
				CLANG_ENABLE_OBJC_WEAK = YES;
				CLANG_WARN_BLOCK_CAPTURE_AUTORELEASING = YES;
				CLANG_WARN_BOOL_CONVERSION = YES;
				CLANG_WARN_COMMA = YES;
				CLANG_WARN_CONSTANT_CONVERSION = YES;
				CLANG_WARN_DEPRECATED_OBJC_IMPLEMENTATIONS = YES;
				CLANG_WARN_DIRECT_OBJC_ISA_USAGE = YES_ERROR;
				CLANG_WARN_DOCUMENTATION_COMMENTS = YES;
				CLANG_WARN_EMPTY_BODY = YES;
				CLANG_WARN_ENUM_CONVERSION = YES;
				CLANG_WARN_INFINITE_RECURSION = YES;
				CLANG_WARN_INT_CONVERSION = YES;
				CLANG_WARN_NON_LITERAL_NULL_CONVERSION = YES;
				CLANG_WARN_OBJC_IMPLICIT_RETAIN_SELF = YES;
				CLANG_WARN_OBJC_LITERAL_CONVERSION = YES;
				CLANG_WARN_OBJC_ROOT_CLASS = YES_ERROR;
				CLANG_WARN_QUOTED_INCLUDE_IN_FRAMEWORK_HEADER = YES;
				CLANG_WARN_RANGE_LOOP_ANALYSIS = YES;
				CLANG_WARN_STRICT_PROTOTYPES = YES;
				CLANG_WARN_SUSPICIOUS_MOVE = YES;
				CLANG_WARN_UNGUARDED_AVAILABILITY = YES_AGGRESSIVE;
				CLANG_WARN_UNREACHABLE_CODE = YES;
				CLANG_WARN__DUPLICATE_METHOD_MATCH = YES;
				COPY_PHASE_STRIP = NO;
				DEAD_CODE_STRIPPING = YES;
				DEBUG_INFORMATION_FORMAT = dwarf;
				ENABLE_STRICT_OBJC_MSGSEND = YES;
				ENABLE_TESTABILITY = YES;
				ENABLE_USER_SCRIPT_SANDBOXING = YES;
				GCC_C_LANGUAGE_STANDARD = gnu11;
				GCC_DYNAMIC_NO_PIC = NO;
				GCC_NO_COMMON_BLOCKS = YES;
				GCC_OPTIMIZATION_LEVEL = 0;
				GCC_PREPROCESSOR_DEFINITIONS = (
					"DEBUG=1",
					"$(inherited)",
				);
				GCC_WARN_64_TO_32_BIT_CONVERSION = YES;
				GCC_WARN_ABOUT_RETURN_TYPE = YES_ERROR;
				GCC_WARN_UNDECLARED_SELECTOR = YES;
				GCC_WARN_UNINITIALIZED_AUTOS = YES_AGGRESSIVE;
				GCC_WARN_UNUSED_FUNCTION = YES;
				GCC_WARN_UNUSED_VARIABLE = YES;
				MACOSX_DEPLOYMENT_TARGET = 13.0;
				MTL_ENABLE_DEBUG_INFO = INCLUDE_SOURCE;
				MTL_FAST_MATH = YES;
				ONLY_ACTIVE_ARCH = YES;
				SWIFT_ACTIVE_COMPILATION_CONDITIONS = DEBUG;
				SWIFT_OPTIMIZATION_LEVEL = "-Onone";
			};
			name = Debug;
		};
		C568E4042A68755D00B63F6F /* Release */ = {
			isa = XCBuildConfiguration;
			buildSettings = {
				ALWAYS_SEARCH_USER_PATHS = NO;
				CLANG_ANALYZER_NONNULL = YES;
				CLANG_ANALYZER_NUMBER_OBJECT_CONVERSION = YES_AGGRESSIVE;
				CLANG_CXX_LANGUAGE_STANDARD = "gnu++20";
				CLANG_ENABLE_MODULES = YES;
				CLANG_ENABLE_OBJC_ARC = YES;
				CLANG_ENABLE_OBJC_WEAK = YES;
				CLANG_WARN_BLOCK_CAPTURE_AUTORELEASING = YES;
				CLANG_WARN_BOOL_CONVERSION = YES;
				CLANG_WARN_COMMA = YES;
				CLANG_WARN_CONSTANT_CONVERSION = YES;
				CLANG_WARN_DEPRECATED_OBJC_IMPLEMENTATIONS = YES;
				CLANG_WARN_DIRECT_OBJC_ISA_USAGE = YES_ERROR;
				CLANG_WARN_DOCUMENTATION_COMMENTS = YES;
				CLANG_WARN_EMPTY_BODY = YES;
				CLANG_WARN_ENUM_CONVERSION = YES;
				CLANG_WARN_INFINITE_RECURSION = YES;
				CLANG_WARN_INT_CONVERSION = YES;
				CLANG_WARN_NON_LITERAL_NULL_CONVERSION = YES;
				CLANG_WARN_OBJC_IMPLICIT_RETAIN_SELF = YES;
				CLANG_WARN_OBJC_LITERAL_CONVERSION = YES;
				CLANG_WARN_OBJC_ROOT_CLASS = YES_ERROR;
				CLANG_WARN_QUOTED_INCLUDE_IN_FRAMEWORK_HEADER = YES;
				CLANG_WARN_RANGE_LOOP_ANALYSIS = YES;
				CLANG_WARN_STRICT_PROTOTYPES = YES;
				CLANG_WARN_SUSPICIOUS_MOVE = YES;
				CLANG_WARN_UNGUARDED_AVAILABILITY = YES_AGGRESSIVE;
				CLANG_WARN_UNREACHABLE_CODE = YES;
				CLANG_WARN__DUPLICATE_METHOD_MATCH = YES;
				COPY_PHASE_STRIP = NO;
				DEAD_CODE_STRIPPING = YES;
				DEBUG_INFORMATION_FORMAT = "dwarf-with-dsym";
				ENABLE_NS_ASSERTIONS = NO;
				ENABLE_STRICT_OBJC_MSGSEND = YES;
				ENABLE_USER_SCRIPT_SANDBOXING = YES;
				GCC_C_LANGUAGE_STANDARD = gnu11;
				GCC_NO_COMMON_BLOCKS = YES;
				GCC_WARN_64_TO_32_BIT_CONVERSION = YES;
				GCC_WARN_ABOUT_RETURN_TYPE = YES_ERROR;
				GCC_WARN_UNDECLARED_SELECTOR = YES;
				GCC_WARN_UNINITIALIZED_AUTOS = YES_AGGRESSIVE;
				GCC_WARN_UNUSED_FUNCTION = YES;
				GCC_WARN_UNUSED_VARIABLE = YES;
				MACOSX_DEPLOYMENT_TARGET = 13.0;
				MTL_ENABLE_DEBUG_INFO = NO;
				MTL_FAST_MATH = YES;
				SWIFT_COMPILATION_MODE = wholemodule;
				SWIFT_OPTIMIZATION_LEVEL = "-O";
			};
			name = Release;
		};
		C568E4062A68755D00B63F6F /* Debug */ = {
			isa = XCBuildConfiguration;
			buildSettings = {
				ASSETCATALOG_COMPILER_APPICON_NAME = AppIcon;
				ASSETCATALOG_COMPILER_GLOBAL_ACCENT_COLOR_NAME = AccentColor;
				CODE_SIGN_ENTITLEMENTS = ArcDraw.entitlements;
				CODE_SIGN_STYLE = Manual;
				CURRENT_PROJECT_VERSION = 1;
				DEAD_CODE_STRIPPING = YES;
				DEVELOPMENT_ASSET_PATHS = "";
				DEVELOPMENT_TEAM = "";
				ENABLE_HARDENED_RUNTIME = YES;
				ENABLE_PREVIEWS = YES;
				GENERATE_INFOPLIST_FILE = YES;
				INFOPLIST_FILE = Info.plist;
				"INFOPLIST_KEY_UIApplicationSceneManifest_Generation[sdk=iphoneos*]" = YES;
				"INFOPLIST_KEY_UIApplicationSceneManifest_Generation[sdk=iphonesimulator*]" = YES;
				"INFOPLIST_KEY_UIApplicationSupportsIndirectInputEvents[sdk=iphoneos*]" = YES;
				"INFOPLIST_KEY_UIApplicationSupportsIndirectInputEvents[sdk=iphonesimulator*]" = YES;
				"INFOPLIST_KEY_UILaunchScreen_Generation[sdk=iphoneos*]" = YES;
				"INFOPLIST_KEY_UILaunchScreen_Generation[sdk=iphonesimulator*]" = YES;
				"INFOPLIST_KEY_UIStatusBarStyle[sdk=iphoneos*]" = UIStatusBarStyleDefault;
				"INFOPLIST_KEY_UIStatusBarStyle[sdk=iphonesimulator*]" = UIStatusBarStyleDefault;
				INFOPLIST_KEY_UISupportedInterfaceOrientations_iPad = "UIInterfaceOrientationPortrait UIInterfaceOrientationPortraitUpsideDown UIInterfaceOrientationLandscapeLeft UIInterfaceOrientationLandscapeRight";
				INFOPLIST_KEY_UISupportedInterfaceOrientations_iPhone = "UIInterfaceOrientationPortrait UIInterfaceOrientationLandscapeLeft UIInterfaceOrientationLandscapeRight";
				IPHONEOS_DEPLOYMENT_TARGET = 16.4;
				LD_RUNPATH_SEARCH_PATHS = "@executable_path/Frameworks";
				"LD_RUNPATH_SEARCH_PATHS[sdk=macosx*]" = "@executable_path/../Frameworks";
				MACOSX_DEPLOYMENT_TARGET = 13.3;
				MARKETING_VERSION = 1.0;
				PRODUCT_BUNDLE_IDENTIFIER = "Bruce-Johnson.ArcDraw";
				PRODUCT_NAME = "$(TARGET_NAME)";
				PROVISIONING_PROFILE_SPECIFIER = "";
				SDKROOT = auto;
				SUPPORTED_PLATFORMS = "iphoneos iphonesimulator macosx";
				SWIFT_EMIT_LOC_STRINGS = YES;
				SWIFT_VERSION = 5.0;
				TARGETED_DEVICE_FAMILY = "1,2";
			};
			name = Debug;
		};
		C568E4072A68755D00B63F6F /* Release */ = {
			isa = XCBuildConfiguration;
			buildSettings = {
				ASSETCATALOG_COMPILER_APPICON_NAME = AppIcon;
				ASSETCATALOG_COMPILER_GLOBAL_ACCENT_COLOR_NAME = AccentColor;
				CODE_SIGN_ENTITLEMENTS = ArcDraw.entitlements;
				CODE_SIGN_STYLE = Manual;
				CURRENT_PROJECT_VERSION = 1;
				DEAD_CODE_STRIPPING = YES;
				DEVELOPMENT_ASSET_PATHS = "";
				DEVELOPMENT_TEAM = "";
				ENABLE_HARDENED_RUNTIME = YES;
				ENABLE_PREVIEWS = YES;
				GENERATE_INFOPLIST_FILE = YES;
				INFOPLIST_FILE = Info.plist;
				"INFOPLIST_KEY_UIApplicationSceneManifest_Generation[sdk=iphoneos*]" = YES;
				"INFOPLIST_KEY_UIApplicationSceneManifest_Generation[sdk=iphonesimulator*]" = YES;
				"INFOPLIST_KEY_UIApplicationSupportsIndirectInputEvents[sdk=iphoneos*]" = YES;
				"INFOPLIST_KEY_UIApplicationSupportsIndirectInputEvents[sdk=iphonesimulator*]" = YES;
				"INFOPLIST_KEY_UILaunchScreen_Generation[sdk=iphoneos*]" = YES;
				"INFOPLIST_KEY_UILaunchScreen_Generation[sdk=iphonesimulator*]" = YES;
				"INFOPLIST_KEY_UIStatusBarStyle[sdk=iphoneos*]" = UIStatusBarStyleDefault;
				"INFOPLIST_KEY_UIStatusBarStyle[sdk=iphonesimulator*]" = UIStatusBarStyleDefault;
				INFOPLIST_KEY_UISupportedInterfaceOrientations_iPad = "UIInterfaceOrientationPortrait UIInterfaceOrientationPortraitUpsideDown UIInterfaceOrientationLandscapeLeft UIInterfaceOrientationLandscapeRight";
				INFOPLIST_KEY_UISupportedInterfaceOrientations_iPhone = "UIInterfaceOrientationPortrait UIInterfaceOrientationLandscapeLeft UIInterfaceOrientationLandscapeRight";
				IPHONEOS_DEPLOYMENT_TARGET = 16.4;
				LD_RUNPATH_SEARCH_PATHS = "@executable_path/Frameworks";
				"LD_RUNPATH_SEARCH_PATHS[sdk=macosx*]" = "@executable_path/../Frameworks";
				MACOSX_DEPLOYMENT_TARGET = 13.3;
				MARKETING_VERSION = 1.0;
				PRODUCT_BUNDLE_IDENTIFIER = "Bruce-Johnson.ArcDraw";
				PRODUCT_NAME = "$(TARGET_NAME)";
				PROVISIONING_PROFILE_SPECIFIER = "";
				SDKROOT = auto;
				SUPPORTED_PLATFORMS = "iphoneos iphonesimulator macosx";
				SWIFT_EMIT_LOC_STRINGS = YES;
				SWIFT_VERSION = 5.0;
				TARGETED_DEVICE_FAMILY = "1,2";
			};
			name = Release;
		};
/* End XCBuildConfiguration section */

/* Begin XCConfigurationList section */
		C568E3DB2A68755C00B63F6F /* Build configuration list for PBXProject "ArcDraw" */ = {
			isa = XCConfigurationList;
			buildConfigurations = (
				C568E4032A68755D00B63F6F /* Debug */,
				C568E4042A68755D00B63F6F /* Release */,
			);
			defaultConfigurationIsVisible = 0;
			defaultConfigurationName = Release;
		};
		C568E4052A68755D00B63F6F /* Build configuration list for PBXNativeTarget "ArcDraw" */ = {
			isa = XCConfigurationList;
			buildConfigurations = (
				C568E4062A68755D00B63F6F /* Debug */,
				C568E4072A68755D00B63F6F /* Release */,
			);
			defaultConfigurationIsVisible = 0;
			defaultConfigurationName = Release;
		};
/* End XCConfigurationList section */
	};
	rootObject = C568E3D82A68755C00B63F6F /* Project object */;
}
